
Microsoft Visual Studio Solution File, Format Version 12.00
# Visual Studio Version 17
VisualStudioVersion = 17.14.36414.22 d17.14
MinimumVisualStudioVersion = 10.0.40219.1
Project("{FAE04EC0-301F-11D3-BF4B-00C04F79EFBC}") = "Lab_4", "Lab_4.csproj", "{CAEC435C-7C1F-448E-B216-D7FA3BBA73CC}"
EndProject
Global
	GlobalSection(SolutionConfigurationPlatforms) = preSolution
		Debug|Any CPU = Debug|Any CPU
		Release|Any CPU = Release|Any CPU
	EndGlobalSection
	GlobalSection(ProjectConfigurationPlatforms) = postSolution
		{CAEC435C-7C1F-448E-B216-D7FA3BBA73CC}.Debug|Any CPU.ActiveCfg = Debug|Any CPU
		{CAEC435C-7C1F-448E-B216-D7FA3BBA73CC}.Debug|Any CPU.Build.0 = Debug|Any CPU
		{CAEC435C-7C1F-448E-B216-D7FA3BBA73CC}.Release|Any CPU.ActiveCfg = Release|Any CPU
		{CAEC435C-7C1F-448E-B216-D7FA3BBA73CC}.Release|Any CPU.Build.0 = Release|Any CPU
	EndGlobalSection
	GlobalSection(SolutionProperties) = preSolution
		HideSolutionNode = FALSE
	EndGlobalSection
	GlobalSection(ExtensibilityGlobals) = postSolution
		SolutionGuid = {F329C114-2CB4-4A82-830A-D306E0C4D045}
	EndGlobalSection
EndGlobal
